
Microsoft Visual Studio Solution File, Format Version 12.00
# Visual Studio Version 17
VisualStudioVersion = 17.2.32630.192
MinimumVisualStudioVersion = 10.0.40219.1
Project("{9A19103F-16F7-4668-BE54-9A1E7A4F7556}") = "aspnetserver", "aspnetserver\aspnetserver.csproj", "{19373E31-C737-4FFB-9ADA-2737973948EB}"
EndProject
Project("{2150E333-8FDC-42A3-9474-1A3956D46DE8}") = "Solution Items", "Solution Items", "{3735DE45-8F80-4620-9285-6FC1B4E5CE51}"
	ProjectSection(SolutionItems) = preProject
		.editorconfig = .editorconfig
	EndProjectSection
EndProject
Global
	GlobalSection(SolutionConfigurationPlatforms) = preSolution
		Debug|Any CPU = Debug|Any CPU
		Release|Any CPU = Release|Any CPU
	EndGlobalSection
	GlobalSection(ProjectConfigurationPlatforms) = postSolution
		{19373E31-C737-4FFB-9ADA-2737973948EB}.Debug|Any CPU.ActiveCfg = Debug|Any CPU
		{19373E31-C737-4FFB-9ADA-2737973948EB}.Debug|Any CPU.Build.0 = Debug|Any CPU
		{19373E31-C737-4FFB-9ADA-2737973948EB}.Release|Any CPU.ActiveCfg = Release|Any CPU
		{19373E31-C737-4FFB-9ADA-2737973948EB}.Release|Any CPU.Build.0 = Release|Any CPU
	EndGlobalSection
	GlobalSection(SolutionProperties) = preSolution
		HideSolutionNode = FALSE
	EndGlobalSection
	GlobalSection(ExtensibilityGlobals) = postSolution
		SolutionGuid = {507B52E3-CCF6-4E7C-B332-4C999EAA596D}
	EndGlobalSection
EndGlobal
